
Microsoft Visual Studio Solution File, Format Version 12.00
# Visual Studio Version 16
VisualStudioVersion = 16.0.32630.194
MinimumVisualStudioVersion = 10.0.40219.1
Project("{FAE04EC0-301F-11D3-BF4B-00C04F79EFBC}") = "Task1", "Task1\Task1.csproj", "{8AFA01EA-4FBE-42D9-8D1A-1E7CDF9134D0}"
EndProject
Project("{FAE04EC0-301F-11D3-BF4B-00C04F79EFBC}") = "Task2", "Task2\Task2.csproj", "{C3F582A2-CD90-43D3-89D1-F230B805DBA7}"
EndProject
Global
	GlobalSection(SolutionConfigurationPlatforms) = preSolution
		Debug|Any CPU = Debug|Any CPU
		Release|Any CPU = Release|Any CPU
	EndGlobalSection
	GlobalSection(ProjectConfigurationPlatforms) = postSolution
		{8AFA01EA-4FBE-42D9-8D1A-1E7CDF9134D0}.Debug|Any CPU.ActiveCfg = Debug|Any CPU
		{8AFA01EA-4FBE-42D9-8D1A-1E7CDF9134D0}.Debug|Any CPU.Build.0 = Debug|Any CPU
		{8AFA01EA-4FBE-42D9-8D1A-1E7CDF9134D0}.Release|Any CPU.ActiveCfg = Release|Any CPU
		{8AFA01EA-4FBE-42D9-8D1A-1E7CDF9134D0}.Release|Any CPU.Build.0 = Release|Any CPU
		{C3F582A2-CD90-43D3-89D1-F230B805DBA7}.Debug|Any CPU.ActiveCfg = Debug|Any CPU
		{C3F582A2-CD90-43D3-89D1-F230B805DBA7}.Debug|Any CPU.Build.0 = Debug|Any CPU
		{C3F582A2-CD90-43D3-89D1-F230B805DBA7}.Release|Any CPU.ActiveCfg = Release|Any CPU
		{C3F582A2-CD90-43D3-89D1-F230B805DBA7}.Release|Any CPU.Build.0 = Release|Any CPU
	EndGlobalSection
	GlobalSection(SolutionProperties) = preSolution
		HideSolutionNode = FALSE
	EndGlobalSection
	GlobalSection(ExtensibilityGlobals) = postSolution
		SolutionGuid = {331605D2-058C-45C8-84AA-4564F5E42AD2}
	EndGlobalSection
EndGlobal
